# THIS IS AN AUTOGENERATED FILE. DO NOT EDIT THIS FILE DIRECTLY.
# yarn lockfile v1


"@types/node@^11.13.8":
  version "11.13.8"
  resolved "https://registry.npm.taobao.org/@types/node/download/@types/node-11.13.8.tgz#e5d71173c95533be9842b2c798978f095f912aab"
  integrity sha1-5dcRc8lVM76YQrLHmJePCV+RKqs=
